
Microsoft Visual Studio Solution File, Format Version 12.00
# Visual Studio Version 16
VisualStudioVersion = 16.0.29326.143
MinimumVisualStudioVersion = 10.0.40219.1
Project("{FAE04EC0-301F-11D3-BF4B-00C04F79EFBC}") = "LesApp0", "LesApp0\LesApp0.csproj", "{82005FB9-3A7A-4260-BDC0-135BE3EBAE38}"
EndProject
Project("{FAE04EC0-301F-11D3-BF4B-00C04F79EFBC}") = "LesApp1", "LesApp1\LesApp1.csproj", "{A1690DFC-54A2-4179-8CA8-31612997BACC}"
EndProject
Project("{FAE04EC0-301F-11D3-BF4B-00C04F79EFBC}") = "LesApp2", "LesApp2\LesApp2.csproj", "{CBFCE94E-EDCF-4BD4-8670-CE341FD76749}"
EndProject
Project("{FAE04EC0-301F-11D3-BF4B-00C04F79EFBC}") = "LesApp3", "LesApp3\LesApp3.csproj", "{2CDC8335-2173-4DF2-BB34-337B31DB3C13}"
EndProject
Project("{FAE04EC0-301F-11D3-BF4B-00C04F79EFBC}") = "LesApp3.Tests", "LesApp3.Tests\LesApp3.Tests.csproj", "{0CF21889-001B-43E6-8010-6005D4C7A42B}"
EndProject
Project("{FAE04EC0-301F-11D3-BF4B-00C04F79EFBC}") = "LesApp3.Lib", "LesApp3.Lib\LesApp3.Lib.csproj", "{FA7A6592-17BC-4265-9BCA-D2C8FC565052}"
EndProject
Project("{FAE04EC0-301F-11D3-BF4B-00C04F79EFBC}") = "LesApp4", "LesApp4\LesApp4.csproj", "{8B9FCF1D-DF08-43F5-9CB8-62075DA1D0CB}"
EndProject
Global
	GlobalSection(SolutionConfigurationPlatforms) = preSolution
		Debug|Any CPU = Debug|Any CPU
		Release|Any CPU = Release|Any CPU
	EndGlobalSection
	GlobalSection(ProjectConfigurationPlatforms) = postSolution
		{82005FB9-3A7A-4260-BDC0-135BE3EBAE38}.Debug|Any CPU.ActiveCfg = Debug|Any CPU
		{82005FB9-3A7A-4260-BDC0-135BE3EBAE38}.Debug|Any CPU.Build.0 = Debug|Any CPU
		{82005FB9-3A7A-4260-BDC0-135BE3EBAE38}.Release|Any CPU.ActiveCfg = Release|Any CPU
		{82005FB9-3A7A-4260-BDC0-135BE3EBAE38}.Release|Any CPU.Build.0 = Release|Any CPU
		{A1690DFC-54A2-4179-8CA8-31612997BACC}.Debug|Any CPU.ActiveCfg = Debug|Any CPU
		{A1690DFC-54A2-4179-8CA8-31612997BACC}.Debug|Any CPU.Build.0 = Debug|Any CPU
		{A1690DFC-54A2-4179-8CA8-31612997BACC}.Release|Any CPU.ActiveCfg = Release|Any CPU
		{A1690DFC-54A2-4179-8CA8-31612997BACC}.Release|Any CPU.Build.0 = Release|Any CPU
		{CBFCE94E-EDCF-4BD4-8670-CE341FD76749}.Debug|Any CPU.ActiveCfg = Debug|Any CPU
		{CBFCE94E-EDCF-4BD4-8670-CE341FD76749}.Debug|Any CPU.Build.0 = Debug|Any CPU
		{CBFCE94E-EDCF-4BD4-8670-CE341FD76749}.Release|Any CPU.ActiveCfg = Release|Any CPU
		{CBFCE94E-EDCF-4BD4-8670-CE341FD76749}.Release|Any CPU.Build.0 = Release|Any CPU
		{2CDC8335-2173-4DF2-BB34-337B31DB3C13}.Debug|Any CPU.ActiveCfg = Debug|Any CPU
		{2CDC8335-2173-4DF2-BB34-337B31DB3C13}.Debug|Any CPU.Build.0 = Debug|Any CPU
		{2CDC8335-2173-4DF2-BB34-337B31DB3C13}.Release|Any CPU.ActiveCfg = Release|Any CPU
		{2CDC8335-2173-4DF2-BB34-337B31DB3C13}.Release|Any CPU.Build.0 = Release|Any CPU
		{0CF21889-001B-43E6-8010-6005D4C7A42B}.Debug|Any CPU.ActiveCfg = Debug|Any CPU
		{0CF21889-001B-43E6-8010-6005D4C7A42B}.Debug|Any CPU.Build.0 = Debug|Any CPU
		{0CF21889-001B-43E6-8010-6005D4C7A42B}.Release|Any CPU.ActiveCfg = Release|Any CPU
		{0CF21889-001B-43E6-8010-6005D4C7A42B}.Release|Any CPU.Build.0 = Release|Any CPU
		{FA7A6592-17BC-4265-9BCA-D2C8FC565052}.Debug|Any CPU.ActiveCfg = Debug|Any CPU
		{FA7A6592-17BC-4265-9BCA-D2C8FC565052}.Debug|Any CPU.Build.0 = Debug|Any CPU
		{FA7A6592-17BC-4265-9BCA-D2C8FC565052}.Release|Any CPU.ActiveCfg = Release|Any CPU
		{FA7A6592-17BC-4265-9BCA-D2C8FC565052}.Release|Any CPU.Build.0 = Release|Any CPU
		{8B9FCF1D-DF08-43F5-9CB8-62075DA1D0CB}.Debug|Any CPU.ActiveCfg = Debug|Any CPU
		{8B9FCF1D-DF08-43F5-9CB8-62075DA1D0CB}.Debug|Any CPU.Build.0 = Debug|Any CPU
		{8B9FCF1D-DF08-43F5-9CB8-62075DA1D0CB}.Release|Any CPU.ActiveCfg = Release|Any CPU
		{8B9FCF1D-DF08-43F5-9CB8-62075DA1D0CB}.Release|Any CPU.Build.0 = Release|Any CPU
	EndGlobalSection
	GlobalSection(SolutionProperties) = preSolution
		HideSolutionNode = FALSE
	EndGlobalSection
	GlobalSection(ExtensibilityGlobals) = postSolution
		SolutionGuid = {1657C0A1-BF53-4D92-8200-7BB34D7485E3}
	EndGlobalSection
EndGlobal
